{
  "name": "TimePlanner",
  "lockfileVersion": 3,
  "requires": true,
  "packages": {
    "": {
      "dependencies": {
        "@syncfusion/ej2-react-schedule": "^21.2.3",
        "echarts-for-react": "^3.0.2"
      }
    },
    "node_modules/@syncfusion/ej2-base": {
      "version": "21.2.3",
      "resolved": "https://registry.npmjs.org/@syncfusion/ej2-base/-/ej2-base-21.2.3.tgz",
      "integrity": "sha512-dUMehTP62PWZZbZjbvFAr9li5bVqAcpy4mPyLNYbIkXujWHuJqxlcihuvZWZKPXZ1RynzK6YerWbBwjFKKz6vA==",
      "dependencies": {
        "@syncfusion/ej2-icons": "~21.2.3"
      },
      "bin": {
        "syncfusion-license": "bin/syncfusion-license.js"
      }
    },
    "node_modules/@syncfusion/ej2-buttons": {
      "version": "21.2.3",
      "resolved": "https://registry.npmjs.org/@syncfusion/ej2-buttons/-/ej2-buttons-21.2.3.tgz",
      "integrity": "sha512-j1HQkmfM7eBqXLFuHa0AJ/WsCosPKVpM0fr9dSPHp+wGGvdSMZf0HrYRAAYPFr+rgznowQirvgJDbryFtmR+Mw==",
      "dependencies": {
        "@syncfusion/ej2-base": "~21.2.3"
      }
    },
    "node_modules/@syncfusion/ej2-calendars": {
      "version": "21.2.3",
      "resolved": "https://registry.npmjs.org/@syncfusion/ej2-calendars/-/ej2-calendars-21.2.3.tgz",
      "integrity": "sha512-qd9ZhhDVARJKqQHh3u5KFqjhgvencqqoMcouNkfQaGuo7nQZwUyUR3jrRsFlWJze04kdtbDDoCp0ITlSRo6nPg==",
      "dependencies": {
        "@syncfusion/ej2-base": "~21.2.3",
        "@syncfusion/ej2-buttons": "~21.2.3",
        "@syncfusion/ej2-inputs": "~21.2.3",
        "@syncfusion/ej2-lists": "~21.2.3",
        "@syncfusion/ej2-popups": "~21.2.3"
      }
    },
    "node_modules/@syncfusion/ej2-compression": {
      "version": "21.2.3",
      "resolved": "https://registry.npmjs.org/@syncfusion/ej2-compression/-/ej2-compression-21.2.3.tgz",
      "integrity": "sha512-J2bqSwG8AoGB0fkEQcdMTPwMDwNU9CP3LqS3P7UptG1dzJfVSDBIMRXQMQGiWSomjXPuqvgFtAKXISp6noY+wA==",
      "dependencies": {
        "@syncfusion/ej2-file-utils": "~21.2.3"
      }
    },
    "node_modules/@syncfusion/ej2-data": {
      "version": "21.2.3",
      "resolved": "https://registry.npmjs.org/@syncfusion/ej2-data/-/ej2-data-21.2.3.tgz",
      "integrity": "sha512-0srTnClTP0zsIYpRTZn877OY7bEbktMYEhoz5mBUYVcxbgmRM0LuCXfi7X+fGA0f2WCYnoEXhp044XuzjjhPyA==",
      "dependencies": {
        "@syncfusion/ej2-base": "~21.2.3"
      }
    },
    "node_modules/@syncfusion/ej2-dropdowns": {
      "version": "21.2.3",
      "resolved": "https://registry.npmjs.org/@syncfusion/ej2-dropdowns/-/ej2-dropdowns-21.2.3.tgz",
      "integrity": "sha512-Qb3kR6JAXmUJC2IlrbVb3S+we/OvNURZufUksx8SZU3EQ9oIiLoIGDH9kzDahE9LGj99w3GRqZtpqNtJKtd+0g==",
      "dependencies": {
        "@syncfusion/ej2-base": "~21.2.3",
        "@syncfusion/ej2-data": "~21.2.3",
        "@syncfusion/ej2-inputs": "~21.2.3",
        "@syncfusion/ej2-lists": "~21.2.3",
        "@syncfusion/ej2-navigations": "~21.2.3",
        "@syncfusion/ej2-popups": "~21.2.3"
      }
    },
    "node_modules/@syncfusion/ej2-excel-export": {
      "version": "21.2.3",
      "resolved": "https://registry.npmjs.org/@syncfusion/ej2-excel-export/-/ej2-excel-export-21.2.3.tgz",
      "integrity": "sha512-gb21JlKdDLDbKBYZxYTDUe9k3Qy6bBruSAnaBxS37gk7Cgppqhtt50Ayd1VzNmH7EGuwhBjgxZhxdQI2w9FjNw==",
      "dependencies": {
        "@syncfusion/ej2-base": "~21.2.3",
        "@syncfusion/ej2-compression": "~21.2.3"
      }
    },
    "node_modules/@syncfusion/ej2-file-utils": {
      "version": "21.2.3",
      "resolved": "https://registry.npmjs.org/@syncfusion/ej2-file-utils/-/ej2-file-utils-21.2.3.tgz",
      "integrity": "sha512-fOvqTeRgKTkQSpHlSF6P1Twoa5DRrTq6Cs2lhnNyD26PofAh/58Zi88jJ+pdehtQb1JeAzxpvPJO2wiZ27VqjA=="
    },
    "node_modules/@syncfusion/ej2-icons": {
      "version": "21.2.3",
      "resolved": "https://registry.npmjs.org/@syncfusion/ej2-icons/-/ej2-icons-21.2.3.tgz",
      "integrity": "sha512-LSu+sXQHRO6eTjD1D66GPQALoUMVRZXeLnZ86WWAI7V3j8rfCDAiI4tG8XQ7nncuHgGO2e36T9A70J1eRh0/ng=="
    },
    "node_modules/@syncfusion/ej2-inputs": {
      "version": "21.2.3",
      "resolved": "https://registry.npmjs.org/@syncfusion/ej2-inputs/-/ej2-inputs-21.2.3.tgz",
      "integrity": "sha512-GpxAmrMTi8rzjoFTy9YpLeozm3WJ5wCHVSpzgg5nHuutgbsarlqYecLVTG7ePxUB9TFAAXXLdWcVzVebUlEIXQ==",
      "dependencies": {
        "@syncfusion/ej2-base": "~21.2.3",
        "@syncfusion/ej2-buttons": "~21.2.3",
        "@syncfusion/ej2-popups": "~21.2.3",
        "@syncfusion/ej2-splitbuttons": "~21.2.3"
      }
    },
    "node_modules/@syncfusion/ej2-lists": {
      "version": "21.2.3",
      "resolved": "https://registry.npmjs.org/@syncfusion/ej2-lists/-/ej2-lists-21.2.3.tgz",
      "integrity": "sha512-0eYnOb435N7TEFHUFmeffxIvt2hcAUNP7c5iHXH4+S/QWqJ9l5Jpvs1SNmpGMYU5HSyRyWZiDHjkMLRSklIsnQ==",
      "dependencies": {
        "@syncfusion/ej2-base": "~21.2.3",
        "@syncfusion/ej2-buttons": "~21.2.3",
        "@syncfusion/ej2-data": "~21.2.3"
      }
    },
    "node_modules/@syncfusion/ej2-navigations": {
      "version": "21.2.3",
      "resolved": "https://registry.npmjs.org/@syncfusion/ej2-navigations/-/ej2-navigations-21.2.3.tgz",
      "integrity": "sha512-02Eu1R3dfrtPr357seR2bOr5rz4u9d/zGZfK8mxS6uM7/H5MVLYkQ9RR91qYggdlzskUpMXsMWD8Q0MyrUQGCg==",
      "dependencies": {
        "@syncfusion/ej2-base": "~21.2.3",
        "@syncfusion/ej2-buttons": "~21.2.3",
        "@syncfusion/ej2-data": "~21.2.3",
        "@syncfusion/ej2-inputs": "~21.2.3",
        "@syncfusion/ej2-lists": "~21.2.3",
        "@syncfusion/ej2-popups": "~21.2.3"
      }
    },
    "node_modules/@syncfusion/ej2-popups": {
      "version": "21.2.3",
      "resolved": "https://registry.npmjs.org/@syncfusion/ej2-popups/-/ej2-popups-21.2.3.tgz",
      "integrity": "sha512-rAXSVzniejoNS4K+8Jlc2wDSxWZ5WdPhITNzr8YkRjTlJhA0hw5I8z1qqJ+dvAYY9dEDNBI0lp0nebfkMAWiig==",
      "dependencies": {
        "@syncfusion/ej2-base": "~21.2.3",
        "@syncfusion/ej2-buttons": "~21.2.3"
      }
    },
    "node_modules/@syncfusion/ej2-react-base": {
      "version": "21.2.3",
      "resolved": "https://registry.npmjs.org/@syncfusion/ej2-react-base/-/ej2-react-base-21.2.3.tgz",
      "integrity": "sha512-/ftG9YY2exx3HQqJxofaYlLH5hCPHiH72TiUUUXYYPZlxjYQfl0bESjrVbHz9nZGjSr8haLNccWO4QabpauSig==",
      "dependencies": {
        "@syncfusion/ej2-base": "~21.2.3"
      }
    },
    "node_modules/@syncfusion/ej2-react-schedule": {
      "version": "21.2.3",
      "resolved": "https://registry.npmjs.org/@syncfusion/ej2-react-schedule/-/ej2-react-schedule-21.2.3.tgz",
      "integrity": "sha512-bADiOhdOOYqfdDiy0pCm2QW0yvU2XwKz4JS8Z1EJ5R8BFyF7s2YXYLhvliDOrvKgmfcbG2K0pCjv6d1zCI1iJg==",
      "dependencies": {
        "@syncfusion/ej2-base": "~21.2.3",
        "@syncfusion/ej2-react-base": "~21.2.3",
        "@syncfusion/ej2-schedule": "21.2.3"
      }
    },
    "node_modules/@syncfusion/ej2-schedule": {
      "version": "21.2.3",
      "resolved": "https://registry.npmjs.org/@syncfusion/ej2-schedule/-/ej2-schedule-21.2.3.tgz",
      "integrity": "sha512-m5CyoF+X+FY9CuADw4GleKx0qKGToJDtMPrZbw/VxjDU6DvUoU3fpaAqBKi6MHIgz9sx1GY++Ee+Qv2OVX+T9Q==",
      "dependencies": {
        "@syncfusion/ej2-base": "~21.2.3",
        "@syncfusion/ej2-buttons": "~21.2.3",
        "@syncfusion/ej2-calendars": "~21.2.3",
        "@syncfusion/ej2-data": "~21.2.3",
        "@syncfusion/ej2-dropdowns": "~21.2.3",
        "@syncfusion/ej2-excel-export": "~21.2.3",
        "@syncfusion/ej2-inputs": "~21.2.3",
        "@syncfusion/ej2-lists": "~21.2.3",
        "@syncfusion/ej2-navigations": "~21.2.3",
        "@syncfusion/ej2-popups": "~21.2.3"
      }
    },
    "node_modules/@syncfusion/ej2-splitbuttons": {
      "version": "21.2.3",
      "resolved": "https://registry.npmjs.org/@syncfusion/ej2-splitbuttons/-/ej2-splitbuttons-21.2.3.tgz",
      "integrity": "sha512-G+czEjiXJ8dZ540nfTsN15WLtkm5i9EgcQGaMw37wnRy511LZweBGeFBCKgobNyqmuxM7GPSV049BUCdhxl5rA==",
      "dependencies": {
        "@syncfusion/ej2-base": "~21.2.3",
        "@syncfusion/ej2-popups": "~21.2.3"
      }
    },
    "node_modules/echarts": {
      "version": "5.4.2",
      "resolved": "https://registry.npmjs.org/echarts/-/echarts-5.4.2.tgz",
      "integrity": "sha512-2W3vw3oI2tWJdyAz+b8DuWS0nfXtSDqlDmqgin/lfzbkB01cuMEN66KWBlmur3YMp5nEDEEt5s23pllnAzB4EA==",
      "peer": true,
      "dependencies": {
        "tslib": "2.3.0",
        "zrender": "5.4.3"
      }
    },
    "node_modules/echarts-for-react": {
      "version": "3.0.2",
      "resolved": "https://registry.npmjs.org/echarts-for-react/-/echarts-for-react-3.0.2.tgz",
      "integrity": "sha512-DRwIiTzx8JfwPOVgGttDytBqdp5VzCSyMRIxubgU/g2n9y3VLUmF2FK7Icmg/sNVkv4+rktmrLN9w22U2yy3fA==",
      "dependencies": {
        "fast-deep-equal": "^3.1.3",
        "size-sensor": "^1.0.1"
      },
      "peerDependencies": {
        "echarts": "^3.0.0 || ^4.0.0 || ^5.0.0",
        "react": "^15.0.0 || >=16.0.0"
      }
    },
    "node_modules/fast-deep-equal": {
      "version": "3.1.3",
      "resolved": "https://registry.npmjs.org/fast-deep-equal/-/fast-deep-equal-3.1.3.tgz",
      "integrity": "sha512-f3qQ9oQy9j2AhBe/H9VC91wLmKBCCU/gDOnKNAYG5hswO7BLKj09Hc5HYNz9cGI++xlpDCIgDaitVs03ATR84Q=="
    },
    "node_modules/js-tokens": {
      "version": "4.0.0",
      "resolved": "https://registry.npmjs.org/js-tokens/-/js-tokens-4.0.0.tgz",
      "integrity": "sha512-RdJUflcE3cUzKiMqQgsCu06FPu9UdIJO0beYbPhHN4k6apgJtifcoCtT9bcxOpYBtpD2kCM6Sbzg4CausW/PKQ==",
      "peer": true
    },
    "node_modules/loose-envify": {
      "version": "1.4.0",
      "resolved": "https://registry.npmjs.org/loose-envify/-/loose-envify-1.4.0.tgz",
      "integrity": "sha512-lyuxPGr/Wfhrlem2CL/UcnUc1zcqKAImBDzukY7Y5F/yQiNdko6+fRLevlw1HgMySw7f611UIY408EtxRSoK3Q==",
      "peer": true,
      "dependencies": {
        "js-tokens": "^3.0.0 || ^4.0.0"
      },
      "bin": {
        "loose-envify": "cli.js"
      }
    },
    "node_modules/react": {
      "version": "18.2.0",
      "resolved": "https://registry.npmjs.org/react/-/react-18.2.0.tgz",
      "integrity": "sha512-/3IjMdb2L9QbBdWiW5e3P2/npwMBaU9mHCSCUzNln0ZCYbcfTsGbTJrU/kGemdH2IWmB2ioZ+zkxtmq6g09fGQ==",
      "peer": true,
      "dependencies": {
        "loose-envify": "^1.1.0"
      },
      "engines": {
        "node": ">=0.10.0"
      }
    },
    "node_modules/size-sensor": {
      "version": "1.0.1",
      "resolved": "https://registry.npmjs.org/size-sensor/-/size-sensor-1.0.1.tgz",
      "integrity": "sha512-QTy7MnuugCFXIedXRpUSk9gUnyNiaxIdxGfUjr8xxXOqIB3QvBUYP9+b51oCg2C4dnhaeNk/h57TxjbvoJrJUA=="
    },
    "node_modules/tslib": {
      "version": "2.3.0",
      "resolved": "https://registry.npmjs.org/tslib/-/tslib-2.3.0.tgz",
      "integrity": "sha512-N82ooyxVNm6h1riLCoyS9e3fuJ3AMG2zIZs2Gd1ATcSFjSA23Q0fzjjZeh0jbJvWVDZ0cJT8yaNNaaXHzueNjg==",
      "peer": true
    },
    "node_modules/zrender": {
      "version": "5.4.3",
      "resolved": "https://registry.npmjs.org/zrender/-/zrender-5.4.3.tgz",
      "integrity": "sha512-DRUM4ZLnoaT0PBVvGBDO9oWIDBKFdAVieNWxWwK0niYzJCMwGchRk21/hsE+RKkIveH3XHCyvXcJDkgLVvfizQ==",
      "peer": true,
      "dependencies": {
        "tslib": "2.3.0"
      }
    }
  }
}
